
Microsoft Visual Studio Solution File, Format Version 12.00
# Visual Studio Version 17
VisualStudioVersion = 17.10.35013.160
MinimumVisualStudioVersion = 10.0.40219.1
Project("{FAE04EC0-301F-11D3-BF4B-00C04F79EFBC}") = "BalticAbode_Dapper_Api", "BalticAbode_Dapper_Api\BalticAbode_Dapper_Api.csproj", "{F4E5283F-1033-4267-97CE-BA9E68BB7C9C}"
EndProject
Project("{FAE04EC0-301F-11D3-BF4B-00C04F79EFBC}") = "BalticAbode_Dapper_UI", "BalticAbode_Dapper_UI\BalticAbode_Dapper_UI.csproj", "{B7B97C59-114C-4822-BF80-045F4E8E4B99}"
EndProject
Global
	GlobalSection(SolutionConfigurationPlatforms) = preSolution
		Debug|Any CPU = Debug|Any CPU
		Release|Any CPU = Release|Any CPU
	EndGlobalSection
	GlobalSection(ProjectConfigurationPlatforms) = postSolution
		{F4E5283F-1033-4267-97CE-BA9E68BB7C9C}.Debug|Any CPU.ActiveCfg = Debug|Any CPU
		{F4E5283F-1033-4267-97CE-BA9E68BB7C9C}.Debug|Any CPU.Build.0 = Debug|Any CPU
		{F4E5283F-1033-4267-97CE-BA9E68BB7C9C}.Release|Any CPU.ActiveCfg = Release|Any CPU
		{F4E5283F-1033-4267-97CE-BA9E68BB7C9C}.Release|Any CPU.Build.0 = Release|Any CPU
		{B7B97C59-114C-4822-BF80-045F4E8E4B99}.Debug|Any CPU.ActiveCfg = Debug|Any CPU
		{B7B97C59-114C-4822-BF80-045F4E8E4B99}.Debug|Any CPU.Build.0 = Debug|Any CPU
		{B7B97C59-114C-4822-BF80-045F4E8E4B99}.Release|Any CPU.ActiveCfg = Release|Any CPU
		{B7B97C59-114C-4822-BF80-045F4E8E4B99}.Release|Any CPU.Build.0 = Release|Any CPU
	EndGlobalSection
	GlobalSection(SolutionProperties) = preSolution
		HideSolutionNode = FALSE
	EndGlobalSection
	GlobalSection(ExtensibilityGlobals) = postSolution
		SolutionGuid = {60BFFBB1-CA26-45C5-B618-6F9410718504}
	EndGlobalSection
EndGlobal
